github.com/sultansyah/go-say-hello v1.0.0 h1:2xvUwzVQT7UieTFFKwbx7oZxJr6eYGK4r+hcEMOoNQw=
github.com/sultansyah/go-say-hello v1.0.0/go.mod h1:8KwEXftGCG7U6xLerPFx4pqpRpuhT4m61Du9qc90AD4=
github.com/sultansyah/go-say-hello v1.5.0 h1:aDsKgBb4lvQh3NY3S44kOs5egTjsJqWVK/ktQwYpsD8=
github.com/sultansyah/go-say-hello v1.5.0/go.mod h1:8KwEXftGCG7U6xLerPFx4pqpRpuhT4m61Du9qc90AD4=
github.com/sultansyah/go-say-hello/v2 v2.0.0 h1:zkPiPyRT4tBi9rq3r7eQgYtvdN28q2/lSJU0g6358os=
github.com/sultansyah/go-say-hello/v2 v2.0.0/go.mod h1:JRAUlfHkxhpu11IAdLHD19rQI2stLJKtp9B6pLW3eFU=
